{
  "name": "jsy-node",
  "version": "1.6.6",
  "lockfileVersion": 2,
  "requires": true,
  "dev": true,
  "packages": {
    "": {
      "version": "1.6.6",
      "dev": true,
      "license": "BSD-2-Clause",
      "bin": {
        "jsy-node": "jsy-node.js"
      },
      "devDependencies": {
        "@rollup/plugin-commonjs": "^16.0.0",
        "@rollup/plugin-json": "^4.1.0",
        "@rollup/plugin-node-resolve": "^10.0.0",
        "jsy-node": "file:.",
        "jsy-transpile": "^0.9.4",
        "pirates": "^4.0.1",
        "rollup": "^2.33.2",
        "source-map-support": "^0.5.19",
        "tiny-source-map": "0.0.1"
      }
    }
  }
}
